
Microsoft Visual Studio Solution File, Format Version 12.00
# Visual Studio 15
Project("{FAE04EC0-301F-11D3-BF4B-00C04F79EFBC}") = "P3SampleApp", "P3SampleApp.csproj", "{EF8D8D17-2D4A-DC65-F394-E9D0107E7C60}"
EndProject
Project("{FAE04EC0-301F-11D3-BF4B-00C04F79EFBC}") = "P3SampleApp.Plugins", "P3SampleApp.Plugins.csproj", "{68ADF660-8AF6-5554-1CFD-99883079B17F}"
EndProject
Project("{FAE04EC0-301F-11D3-BF4B-00C04F79EFBC}") = "P3SampleApp.Editor", "P3SampleApp.Editor.csproj", "{B89F28B9-0732-4C9C-FFB6-D5C724128942}"
EndProject
Global
	GlobalSection(SolutionConfigurationPlatforms) = preSolution
		Debug|Any CPU = Debug|Any CPU
		Release|Any CPU = Release|Any CPU
	EndGlobalSection
	GlobalSection(ProjectConfigurationPlatforms) = postSolution
		{EF8D8D17-2D4A-DC65-F394-E9D0107E7C60}.Debug|Any CPU.ActiveCfg = Debug|Any CPU
		{EF8D8D17-2D4A-DC65-F394-E9D0107E7C60}.Debug|Any CPU.Build.0 = Debug|Any CPU
		{EF8D8D17-2D4A-DC65-F394-E9D0107E7C60}.Release|Any CPU.ActiveCfg = Release|Any CPU
		{EF8D8D17-2D4A-DC65-F394-E9D0107E7C60}.Release|Any CPU.Build.0 = Release|Any CPU
		{68ADF660-8AF6-5554-1CFD-99883079B17F}.Debug|Any CPU.ActiveCfg = Debug|Any CPU
		{68ADF660-8AF6-5554-1CFD-99883079B17F}.Debug|Any CPU.Build.0 = Debug|Any CPU
		{68ADF660-8AF6-5554-1CFD-99883079B17F}.Release|Any CPU.ActiveCfg = Release|Any CPU
		{68ADF660-8AF6-5554-1CFD-99883079B17F}.Release|Any CPU.Build.0 = Release|Any CPU
		{B89F28B9-0732-4C9C-FFB6-D5C724128942}.Debug|Any CPU.ActiveCfg = Debug|Any CPU
		{B89F28B9-0732-4C9C-FFB6-D5C724128942}.Debug|Any CPU.Build.0 = Debug|Any CPU
		{B89F28B9-0732-4C9C-FFB6-D5C724128942}.Release|Any CPU.ActiveCfg = Release|Any CPU
		{B89F28B9-0732-4C9C-FFB6-D5C724128942}.Release|Any CPU.Build.0 = Release|Any CPU
	EndGlobalSection
	GlobalSection(SolutionProperties) = preSolution
		HideSolutionNode = FALSE
	EndGlobalSection
EndGlobal
